
Microsoft Visual Studio Solution File, Format Version 12.00
Project("{FAE04EC0-301F-11D3-BF4B-00C04F79EFBC}") = "REBOOK", "REBOOK\REBOOK.csproj", "{E6B0F7F6-F26E-4794-9AF0-A7F00443A254}"
EndProject
Project("{FAE04EC0-301F-11D3-BF4B-00C04F79EFBC}") = "REBOOK.Tests", "REBOOK.Tests\REBOOK.Tests.csproj", "{698A8DF5-8487-4FBB-9907-937EF28F191E}"
EndProject
Project("{FAE04EC0-301F-11D3-BF4B-00C04F79EFBC}") = "Frontend", "Frontend\Frontend\Frontend.csproj", "{35A760FE-E879-46F3-927B-CCDE3C6D4B9B}"
EndProject
Project("{FAE04EC0-301F-11D3-BF4B-00C04F79EFBC}") = "Frontend.Android", "Frontend\Frontend.Android\Frontend.Android.csproj", "{EE4B6BBB-7AA1-49AA-93FC-C2043E84FD11}"
EndProject
Global
	GlobalSection(SolutionConfigurationPlatforms) = preSolution
		Debug|Any CPU = Debug|Any CPU
		Release|Any CPU = Release|Any CPU
	EndGlobalSection
	GlobalSection(ProjectConfigurationPlatforms) = postSolution
		{E6B0F7F6-F26E-4794-9AF0-A7F00443A254}.Debug|Any CPU.ActiveCfg = Debug|Any CPU
		{E6B0F7F6-F26E-4794-9AF0-A7F00443A254}.Debug|Any CPU.Build.0 = Debug|Any CPU
		{E6B0F7F6-F26E-4794-9AF0-A7F00443A254}.Release|Any CPU.ActiveCfg = Release|Any CPU
		{E6B0F7F6-F26E-4794-9AF0-A7F00443A254}.Release|Any CPU.Build.0 = Release|Any CPU
		{698A8DF5-8487-4FBB-9907-937EF28F191E}.Debug|Any CPU.ActiveCfg = Debug|Any CPU
		{698A8DF5-8487-4FBB-9907-937EF28F191E}.Debug|Any CPU.Build.0 = Debug|Any CPU
		{698A8DF5-8487-4FBB-9907-937EF28F191E}.Release|Any CPU.ActiveCfg = Release|Any CPU
		{698A8DF5-8487-4FBB-9907-937EF28F191E}.Release|Any CPU.Build.0 = Release|Any CPU
		{35A760FE-E879-46F3-927B-CCDE3C6D4B9B}.Debug|Any CPU.ActiveCfg = Debug|Any CPU
		{35A760FE-E879-46F3-927B-CCDE3C6D4B9B}.Debug|Any CPU.Build.0 = Debug|Any CPU
		{35A760FE-E879-46F3-927B-CCDE3C6D4B9B}.Release|Any CPU.ActiveCfg = Release|Any CPU
		{35A760FE-E879-46F3-927B-CCDE3C6D4B9B}.Release|Any CPU.Build.0 = Release|Any CPU
		{EE4B6BBB-7AA1-49AA-93FC-C2043E84FD11}.Debug|Any CPU.ActiveCfg = Debug|Any CPU
		{EE4B6BBB-7AA1-49AA-93FC-C2043E84FD11}.Debug|Any CPU.Build.0 = Debug|Any CPU
		{EE4B6BBB-7AA1-49AA-93FC-C2043E84FD11}.Release|Any CPU.ActiveCfg = Release|Any CPU
		{EE4B6BBB-7AA1-49AA-93FC-C2043E84FD11}.Release|Any CPU.Build.0 = Release|Any CPU
	EndGlobalSection
EndGlobal
